// !$*UTF8*$!
{
	archiveVersion = 1;
	classes = {
	};
	objectVersion = 50;
	objects = {

/* Begin PBXBuildFile section */
		1B09DCAE25AE76F500DC2FAA /* AppDelegate.swift in Sources */ = {isa = PBXBuildFile; fileRef = 1B09DCAD25AE76F500DC2FAA /* AppDelegate.swift */; };
		1B09DCB025AE76F500DC2FAA /* SceneDelegate.swift in Sources */ = {isa = PBXBuildFile; fileRef = 1B09DCAF25AE76F500DC2FAA /* SceneDelegate.swift */; };
		1B09DCB725AE76F500DC2FAA /* Assets.xcassets in Resources */ = {isa = PBXBuildFile; fileRef = 1B09DCB625AE76F500DC2FAA /* Assets.xcassets */; };
		1B09DCBA25AE76F500DC2FAA /* LaunchScreen.storyboard in Resources */ = {isa = PBXBuildFile; fileRef = 1B09DCB825AE76F500DC2FAA /* LaunchScreen.storyboard */; };
		1B09DCC625AE78B200DC2FAA /* Main.storyboard in Resources */ = {isa = PBXBuildFile; fileRef = 1B09DCC425AE78B200DC2FAA /* Main.storyboard */; };
		1B09DCCF25AE790500DC2FAA /* CalculateBrain.swift in Sources */ = {isa = PBXBuildFile; fileRef = 1B09DCCB25AE790500DC2FAA /* CalculateBrain.swift */; };
		1B09DCD025AE790500DC2FAA /* ResultViewController.swift in Sources */ = {isa = PBXBuildFile; fileRef = 1B09DCCC25AE790500DC2FAA /* ResultViewController.swift */; };
		1B09DCD125AE790500DC2FAA /* CalculateViewController.swift in Sources */ = {isa = PBXBuildFile; fileRef = 1B09DCCD25AE790500DC2FAA /* CalculateViewController.swift */; };
		1B09DCD225AE790500DC2FAA /* BMI.swift in Sources */ = {isa = PBXBuildFile; fileRef = 1B09DCCE25AE790500DC2FAA /* BMI.swift */; };
/* End PBXBuildFile section */

/* Begin PBXFileReference section */
		1B09DCAA25AE76F500DC2FAA /* BMI Calculator.app */ = {isa = PBXFileReference; explicitFileType = wrapper.application; includeInIndex = 0; path = "BMI Calculator.app"; sourceTree = BUILT_PRODUCTS_DIR; };
		1B09DCAD25AE76F500DC2FAA /* AppDelegate.swift */ = {isa = PBXFileReference; lastKnownFileType = sourcecode.swift; path = AppDelegate.swift; sourceTree = "<group>"; };
		1B09DCAF25AE76F500DC2FAA /* SceneDelegate.swift */ = {isa = PBXFileReference; lastKnownFileType = sourcecode.swift; path = SceneDelegate.swift; sourceTree = "<group>"; };
		1B09DCB625AE76F500DC2FAA /* Assets.xcassets */ = {isa = PBXFileReference; lastKnownFileType = folder.assetcatalog; path = Assets.xcassets; sourceTree = "<group>"; };
		1B09DCB925AE76F500DC2FAA /* Base */ = {isa = PBXFileReference; lastKnownFileType = file.storyboard; name = Base; path = Base.lproj/LaunchScreen.storyboard; sourceTree = "<group>"; };
		1B09DCBB25AE76F500DC2FAA /* Info.plist */ = {isa = PBXFileReference; lastKnownFileType = text.plist.xml; path = Info.plist; sourceTree = "<group>"; };
		1B09DCC525AE78B200DC2FAA /* Base */ = {isa = PBXFileReference; lastKnownFileType = file.storyboard; name = Base; path = Base.lproj/Main.storyboard; sourceTree = "<group>"; };
		1B09DCCB25AE790500DC2FAA /* CalculateBrain.swift */ = {isa = PBXFileReference; fileEncoding = 4; lastKnownFileType = sourcecode.swift; path = CalculateBrain.swift; sourceTree = "<group>"; };
		1B09DCCC25AE790500DC2FAA /* ResultViewController.swift */ = {isa = PBXFileReference; fileEncoding = 4; lastKnownFileType = sourcecode.swift; path = ResultViewController.swift; sourceTree = "<group>"; };
		1B09DCCD25AE790500DC2FAA /* CalculateViewController.swift */ = {isa = PBXFileReference; fileEncoding = 4; lastKnownFileType = sourcecode.swift; path = CalculateViewController.swift; sourceTree = "<group>"; };
		1B09DCCE25AE790500DC2FAA /* BMI.swift */ = {isa = PBXFileReference; fileEncoding = 4; lastKnownFileType = sourcecode.swift; path = BMI.swift; sourceTree = "<group>"; };
/* End PBXFileReference section */

/* Begin PBXFrameworksBuildPhase section */
		1B09DCA725AE76F500DC2FAA /* Frameworks */ = {
			isa = PBXFrameworksBuildPhase;
			buildActionMask = 2147483647;
			files = (
			);
			runOnlyForDeploymentPostprocessing = 0;
		};
/* End PBXFrameworksBuildPhase section */

/* Begin PBXGroup section */
		1B09DCA125AE76F500DC2FAA = {
			isa = PBXGroup;
			children = (
				1B09DCAC25AE76F500DC2FAA /* BMI Calculator */,
				1B09DCAB25AE76F500DC2FAA /* Products */,
			);
			sourceTree = "<group>";
		};
		1B09DCAB25AE76F500DC2FAA /* Products */ = {
			isa = PBXGroup;
			children = (
				1B09DCAA25AE76F500DC2FAA /* BMI Calculator.app */,
			);
			name = Products;
			sourceTree = "<group>";
		};
		1B09DCAC25AE76F500DC2FAA /* BMI Calculator */ = {
			isa = PBXGroup;
			children = (
				1B09DCAD25AE76F500DC2FAA /* AppDelegate.swift */,
				1B09DCAF25AE76F500DC2FAA /* SceneDelegate.swift */,
				1B09DCD425AE791800DC2FAA /* Models */,
				1B09DCC825AE78DA00DC2FAA /* Controllers */,
				1B09DCC225AE77FA00DC2FAA /* Views */,
				1B09DCB625AE76F500DC2FAA /* Assets.xcassets */,
				1B09DCB825AE76F500DC2FAA /* LaunchScreen.storyboard */,
				1B09DCBB25AE76F500DC2FAA /* Info.plist */,
			);
			path = "BMI Calculator";
			sourceTree = "<group>";
		};
		1B09DCC225AE77FA00DC2FAA /* Views */ = {
			isa = PBXGroup;
			children = (
				1B09DCC425AE78B200DC2FAA /* Main.storyboard */,
			);
			path = Views;
			sourceTree = "<group>";
		};
		1B09DCC825AE78DA00DC2FAA /* Controllers */ = {
			isa = PBXGroup;
			children = (
				1B09DCCD25AE790500DC2FAA /* CalculateViewController.swift */,
				1B09DCCC25AE790500DC2FAA /* ResultViewController.swift */,
			);
			path = Controllers;
			sourceTree = "<group>";
		};
		1B09DCD425AE791800DC2FAA /* Models */ = {
			isa = PBXGroup;
			children = (
				1B09DCCE25AE790500DC2FAA /* BMI.swift */,
				1B09DCCB25AE790500DC2FAA /* CalculateBrain.swift */,
			);
			name = Models;
			path = Controllers/Models;
			sourceTree = "<group>";
		};
/* End PBXGroup section */

/* Begin PBXNativeTarget section */
		1B09DCA925AE76F500DC2FAA /* BMI Calculator */ = {
			isa = PBXNativeTarget;
			buildConfigurationList = 1B09DCBE25AE76F500DC2FAA /* Build configuration list for PBXNativeTarget "BMI Calculator" */;
			buildPhases = (
				1B09DCA625AE76F500DC2FAA /* Sources */,
				1B09DCA725AE76F500DC2FAA /* Frameworks */,
				1B09DCA825AE76F500DC2FAA /* Resources */,
			);
			buildRules = (
			);
			dependencies = (
			);
			name = "BMI Calculator";
			productName = "BMI Calculator";
			productReference = 1B09DCAA25AE76F500DC2FAA /* BMI Calculator.app */;
			productType = "com.apple.product-type.application";
		};
/* End PBXNativeTarget section */

/* Begin PBXProject section */
		1B09DCA225AE76F500DC2FAA /* Project object */ = {
			isa = PBXProject;
			attributes = {
				LastSwiftUpdateCheck = 1230;
				LastUpgradeCheck = 1230;
				TargetAttributes = {
					1B09DCA925AE76F500DC2FAA = {
						CreatedOnToolsVersion = 12.3;
					};
				};
			};
			buildConfigurationList = 1B09DCA525AE76F500DC2FAA /* Build configuration list for PBXProject "BMI Calculator" */;
			compatibilityVersion = "Xcode 9.3";
			developmentRegion = en;
			hasScannedForEncodings = 0;
			knownRegions = (
				en,
				Base,
			);
			mainGroup = 1B09DCA125AE76F500DC2FAA;
			productRefGroup = 1B09DCAB25AE76F500DC2FAA /* Products */;
			projectDirPath = "";
			projectRoot = "";
			targets = (
				1B09DCA925AE76F500DC2FAA /* BMI Calculator */,
			);
		};
/* End PBXProject section */

/* Begin PBXResourcesBuildPhase section */
		1B09DCA825AE76F500DC2FAA /* Resources */ = {
			isa = PBXResourcesBuildPhase;
			buildActionMask = 2147483647;
			files = (
				1B09DCC625AE78B200DC2FAA /* Main.storyboard in Resources */,
				1B09DCBA25AE76F500DC2FAA /* LaunchScreen.storyboard in Resources */,
				1B09DCB725AE76F500DC2FAA /* Assets.xcassets in Resources */,
			);
			runOnlyForDeploymentPostprocessing = 0;
		};
/* End PBXResourcesBuildPhase section */

/* Begin PBXSourcesBuildPhase section */
		1B09DCA625AE76F500DC2FAA /* Sources */ = {
			isa = PBXSourcesBuildPhase;
			buildActionMask = 2147483647;
			files = (
				1B09DCCF25AE790500DC2FAA /* CalculateBrain.swift in Sources */,
				1B09DCAE25AE76F500DC2FAA /* AppDelegate.swift in Sources */,
				1B09DCB025AE76F500DC2FAA /* SceneDelegate.swift in Sources */,
				1B09DCD125AE790500DC2FAA /* CalculateViewController.swift in Sources */,
				1B09DCD225AE790500DC2FAA /* BMI.swift in Sources */,
				1B09DCD025AE790500DC2FAA /* ResultViewController.swift in Sources */,
			);
			runOnlyForDeploymentPostprocessing = 0;
		};
/* End PBXSourcesBuildPhase section */

/* Begin PBXVariantGroup section */
		1B09DCB825AE76F500DC2FAA /* LaunchScreen.storyboard */ = {
			isa = PBXVariantGroup;
			children = (
				1B09DCB925AE76F500DC2FAA /* Base */,
			);
			name = LaunchScreen.storyboard;
			sourceTree = "<group>";
		};
		1B09DCC425AE78B200DC2FAA /* Main.storyboard */ = {
			isa = PBXVariantGroup;
			children = (
				1B09DCC525AE78B200DC2FAA /* Base */,
			);
			name = Main.storyboard;
			sourceTree = "<group>";
		};
/* End PBXVariantGroup section */

/* Begin XCBuildConfiguration section */
		1B09DCBC25AE76F500DC2FAA /* Debug */ = {
			isa = XCBuildConfiguration;
			buildSettings = {
				ALWAYS_SEARCH_USER_PATHS = NO;
				CLANG_ANALYZER_NONNULL = YES;
				CLANG_ANALYZER_NUMBER_OBJECT_CONVERSION = YES_AGGRESSIVE;
				CLANG_CXX_LANGUAGE_STANDARD = "gnu++14";
				CLANG_CXX_LIBRARY = "libc++";
				CLANG_ENABLE_MODULES = YES;
				CLANG_ENABLE_OBJC_ARC = YES;
				CLANG_ENABLE_OBJC_WEAK = YES;
				CLANG_WARN_BLOCK_CAPTURE_AUTORELEASING = YES;
				CLANG_WARN_BOOL_CONVERSION = YES;
				CLANG_WARN_COMMA = YES;
				CLANG_WARN_CONSTANT_CONVERSION = YES;
				CLANG_WARN_DEPRECATED_OBJC_IMPLEMENTATIONS = YES;
				CLANG_WARN_DIRECT_OBJC_ISA_USAGE = YES_ERROR;
				CLANG_WARN_DOCUMENTATION_COMMENTS = YES;
				CLANG_WARN_EMPTY_BODY = YES;
				CLANG_WARN_ENUM_CONVERSION = YES;
				CLANG_WARN_INFINITE_RECURSION = YES;
				CLANG_WARN_INT_CONVERSION = YES;
				CLANG_WARN_NON_LITERAL_NULL_CONVERSION = YES;
				CLANG_WARN_OBJC_IMPLICIT_RETAIN_SELF = YES;
				CLANG_WARN_OBJC_LITERAL_CONVERSION = YES;
				CLANG_WARN_OBJC_ROOT_CLASS = YES_ERROR;
				CLANG_WARN_QUOTED_INCLUDE_IN_FRAMEWORK_HEADER = YES;
				CLANG_WARN_RANGE_LOOP_ANALYSIS = YES;
				CLANG_WARN_STRICT_PROTOTYPES = YES;
				CLANG_WARN_SUSPICIOUS_MOVE = YES;
				CLANG_WARN_UNGUARDED_AVAILABILITY = YES_AGGRESSIVE;
				CLANG_WARN_UNREACHABLE_CODE = YES;
				CLANG_WARN__DUPLICATE_METHOD_MATCH = YES;
				COPY_PHASE_STRIP = NO;
				DEBUG_INFORMATION_FORMAT = dwarf;
				ENABLE_STRICT_OBJC_MSGSEND = YES;
				ENABLE_TESTABILITY = YES;
				GCC_C_LANGUAGE_STANDARD = gnu11;
				GCC_DYNAMIC_NO_PIC = NO;
				GCC_NO_COMMON_BLOCKS = YES;
				GCC_OPTIMIZATION_LEVEL = 0;
				GCC_PREPROCESSOR_DEFINITIONS = (
					"DEBUG=1",
					"$(inherited)",
				);
				GCC_WARN_64_TO_32_BIT_CONVERSION = YES;
				GCC_WARN_ABOUT_RETURN_TYPE = YES_ERROR;
				GCC_WARN_UNDECLARED_SELECTOR = YES;
				GCC_WARN_UNINITIALIZED_AUTOS = YES_AGGRESSIVE;
				GCC_WARN_UNUSED_FUNCTION = YES;
				GCC_WARN_UNUSED_VARIABLE = YES;
				IPHONEOS_DEPLOYMENT_TARGET = 14.3;
				MTL_ENABLE_DEBUG_INFO = INCLUDE_SOURCE;
				MTL_FAST_MATH = YES;
				ONLY_ACTIVE_ARCH = YES;
				SDKROOT = iphoneos;
				SWIFT_ACTIVE_COMPILATION_CONDITIONS = DEBUG;
				SWIFT_OPTIMIZATION_LEVEL = "-Onone";
			};
			name = Debug;
		};
		1B09DCBD25AE76F500DC2FAA /* Release */ = {
			isa = XCBuildConfiguration;
			buildSettings = {
				ALWAYS_SEARCH_USER_PATHS = NO;
				CLANG_ANALYZER_NONNULL = YES;
				CLANG_ANALYZER_NUMBER_OBJECT_CONVERSION = YES_AGGRESSIVE;
				CLANG_CXX_LANGUAGE_STANDARD = "gnu++14";
				CLANG_CXX_LIBRARY = "libc++";
				CLANG_ENABLE_MODULES = YES;
				CLANG_ENABLE_OBJC_ARC = YES;
				CLANG_ENABLE_OBJC_WEAK = YES;
				CLANG_WARN_BLOCK_CAPTURE_AUTORELEASING = YES;
				CLANG_WARN_BOOL_CONVERSION = YES;
				CLANG_WARN_COMMA = YES;
				CLANG_WARN_CONSTANT_CONVERSION = YES;
				CLANG_WARN_DEPRECATED_OBJC_IMPLEMENTATIONS = YES;
				CLANG_WARN_DIRECT_OBJC_ISA_USAGE = YES_ERROR;
				CLANG_WARN_DOCUMENTATION_COMMENTS = YES;
				CLANG_WARN_EMPTY_BODY = YES;
				CLANG_WARN_ENUM_CONVERSION = YES;
				CLANG_WARN_INFINITE_RECURSION = YES;
				CLANG_WARN_INT_CONVERSION = YES;
				CLANG_WARN_NON_LITERAL_NULL_CONVERSION = YES;
				CLANG_WARN_OBJC_IMPLICIT_RETAIN_SELF = YES;
				CLANG_WARN_OBJC_LITERAL_CONVERSION = YES;
				CLANG_WARN_OBJC_ROOT_CLASS = YES_ERROR;
				CLANG_WARN_QUOTED_INCLUDE_IN_FRAMEWORK_HEADER = YES;
				CLANG_WARN_RANGE_LOOP_ANALYSIS = YES;
				CLANG_WARN_STRICT_PROTOTYPES = YES;
				CLANG_WARN_SUSPICIOUS_MOVE = YES;
				CLANG_WARN_UNGUARDED_AVAILABILITY = YES_AGGRESSIVE;
				CLANG_WARN_UNREACHABLE_CODE = YES;
				CLANG_WARN__DUPLICATE_METHOD_MATCH = YES;
				COPY_PHASE_STRIP = NO;
				DEBUG_INFORMATION_FORMAT = "dwarf-with-dsym";
				ENABLE_NS_ASSERTIONS = NO;
				ENABLE_STRICT_OBJC_MSGSEND = YES;
				GCC_C_LANGUAGE_STANDARD = gnu11;
				GCC_NO_COMMON_BLOCKS = YES;
				GCC_WARN_64_TO_32_BIT_CONVERSION = YES;
				GCC_WARN_ABOUT_RETURN_TYPE = YES_ERROR;
				GCC_WARN_UNDECLARED_SELECTOR = YES;
				GCC_WARN_UNINITIALIZED_AUTOS = YES_AGGRESSIVE;
				GCC_WARN_UNUSED_FUNCTION = YES;
				GCC_WARN_UNUSED_VARIABLE = YES;
				IPHONEOS_DEPLOYMENT_TARGET = 14.3;
				MTL_ENABLE_DEBUG_INFO = NO;
				MTL_FAST_MATH = YES;
				SDKROOT = iphoneos;
				SWIFT_COMPILATION_MODE = wholemodule;
				SWIFT_OPTIMIZATION_LEVEL = "-O";
				VALIDATE_PRODUCT = YES;
			};
			name = Release;
		};
		1B09DCBF25AE76F500DC2FAA /* Debug */ = {
			isa = XCBuildConfiguration;
			buildSettings = {
				ASSETCATALOG_COMPILER_APPICON_NAME = AppIcon;
				ASSETCATALOG_COMPILER_GLOBAL_ACCENT_COLOR_NAME = AccentColor;
				CODE_SIGN_STYLE = Automatic;
				DEVELOPMENT_TEAM = C877G9QV85;
				INFOPLIST_FILE = "BMI Calculator/Info.plist";
				LD_RUNPATH_SEARCH_PATHS = (
					"$(inherited)",
					"@executable_path/Frameworks",
				);
				PRODUCT_BUNDLE_IDENTIFIER = "lakshay.com.BMI-Calculator";
				PRODUCT_NAME = "$(TARGET_NAME)";
				SWIFT_VERSION = 5.0;
				TARGETED_DEVICE_FAMILY = "1,2";
			};
			name = Debug;
		};
		1B09DCC025AE76F500DC2FAA /* Release */ = {
			isa = XCBuildConfiguration;
			buildSettings = {
				ASSETCATALOG_COMPILER_APPICON_NAME = AppIcon;
				ASSETCATALOG_COMPILER_GLOBAL_ACCENT_COLOR_NAME = AccentColor;
				CODE_SIGN_STYLE = Automatic;
				DEVELOPMENT_TEAM = C877G9QV85;
				INFOPLIST_FILE = "BMI Calculator/Info.plist";
				LD_RUNPATH_SEARCH_PATHS = (
					"$(inherited)",
					"@executable_path/Frameworks",
				);
				PRODUCT_BUNDLE_IDENTIFIER = "lakshay.com.BMI-Calculator";
				PRODUCT_NAME = "$(TARGET_NAME)";
				SWIFT_VERSION = 5.0;
				TARGETED_DEVICE_FAMILY = "1,2";
			};
			name = Release;
		};
/* End XCBuildConfiguration section */

/* Begin XCConfigurationList section */
		1B09DCA525AE76F500DC2FAA /* Build configuration list for PBXProject "BMI Calculator" */ = {
			isa = XCConfigurationList;
			buildConfigurations = (
				1B09DCBC25AE76F500DC2FAA /* Debug */,
				1B09DCBD25AE76F500DC2FAA /* Release */,
			);
			defaultConfigurationIsVisible = 0;
			defaultConfigurationName = Release;
		};
		1B09DCBE25AE76F500DC2FAA /* Build configuration list for PBXNativeTarget "BMI Calculator" */ = {
			isa = XCConfigurationList;
			buildConfigurations = (
				1B09DCBF25AE76F500DC2FAA /* Debug */,
				1B09DCC025AE76F500DC2FAA /* Release */,
			);
			defaultConfigurationIsVisible = 0;
			defaultConfigurationName = Release;
		};
/* End XCConfigurationList section */
	};
	rootObject = 1B09DCA225AE76F500DC2FAA /* Project object */;
}
